dependencies:
- name: flux
  repository: https://charts.fluxcd.io
  version: 1.11.3
- name: helm-operator
  repository: https://charts.fluxcd.io
  version: 1.4.0
- name: cert-manager
  repository: https://charts.jetstack.io
  version: v1.6.1
- name: sealed-secrets
  repository: https://bitnami-labs.github.io/sealed-secrets
  version: 1.16.1
digest: sha256:38e0af0cf518adb7c849e96a551d0b9835d8ac0eed70446efdc1efd05e618e78
generated: "2021-11-18T07:21:33.245643-06:00"
